
Microsoft Visual Studio Solution File, Format Version 9.00
# Visual Studio 2005
Project("{FAE04EC0-301F-11D3-BF4B-00C04F79EFBC}") = "Controls", "Controls\Controls.csproj", "{F803BFC0-64A3-43BB-90A9-B930C796B16C}"
EndProject
Project("{FAE04EC0-301F-11D3-BF4B-00C04F79EFBC}") = "AJAXControls", "AjaxControls\AJAXControls.csproj", "{8E7704D2-1266-4617-8AC6-EA85C70A4638}"
EndProject
Project("{FAE04EC0-301F-11D3-BF4B-00C04F79EFBC}") = "AjaxControlToolkit", "AjaxControlToolkit\AjaxControlToolkit.csproj", "{B3B89160-3224-476E-9076-70B500C816CF}"
EndProject
Project("{FAE04EC0-301F-11D3-BF4B-00C04F79EFBC}") = "FredCK.FCKeditorV2.vs2005", "FCKeditor.Net\FredCK.FCKeditorV2.vs2005.csproj", "{D118A01F-D942-40F1-A655-38A9064D3118}"
EndProject
Global
	GlobalSection(SolutionConfigurationPlatforms) = preSolution
		Debug|Any CPU = Debug|Any CPU
		Release|Any CPU = Release|Any CPU
	EndGlobalSection
	GlobalSection(ProjectConfigurationPlatforms) = postSolution
		{F803BFC0-64A3-43BB-90A9-B930C796B16C}.Debug|Any CPU.ActiveCfg = Debug|Any CPU
		{F803BFC0-64A3-43BB-90A9-B930C796B16C}.Debug|Any CPU.Build.0 = Debug|Any CPU
		{F803BFC0-64A3-43BB-90A9-B930C796B16C}.Release|Any CPU.ActiveCfg = Release|Any CPU
		{F803BFC0-64A3-43BB-90A9-B930C796B16C}.Release|Any CPU.Build.0 = Release|Any CPU
		{8E7704D2-1266-4617-8AC6-EA85C70A4638}.Debug|Any CPU.ActiveCfg = Debug|Any CPU
		{8E7704D2-1266-4617-8AC6-EA85C70A4638}.Debug|Any CPU.Build.0 = Debug|Any CPU
		{8E7704D2-1266-4617-8AC6-EA85C70A4638}.Release|Any CPU.ActiveCfg = Release|Any CPU
		{8E7704D2-1266-4617-8AC6-EA85C70A4638}.Release|Any CPU.Build.0 = Release|Any CPU
		{B3B89160-3224-476E-9076-70B500C816CF}.Debug|Any CPU.ActiveCfg = Debug|Any CPU
		{B3B89160-3224-476E-9076-70B500C816CF}.Debug|Any CPU.Build.0 = Debug|Any CPU
		{B3B89160-3224-476E-9076-70B500C816CF}.Release|Any CPU.ActiveCfg = Release|Any CPU
		{B3B89160-3224-476E-9076-70B500C816CF}.Release|Any CPU.Build.0 = Release|Any CPU
		{D118A01F-D942-40F1-A655-38A9064D3118}.Debug|Any CPU.ActiveCfg = Debug|Any CPU
		{D118A01F-D942-40F1-A655-38A9064D3118}.Debug|Any CPU.Build.0 = Debug|Any CPU
		{D118A01F-D942-40F1-A655-38A9064D3118}.Release|Any CPU.ActiveCfg = Release|Any CPU
		{D118A01F-D942-40F1-A655-38A9064D3118}.Release|Any CPU.Build.0 = Release|Any CPU
	EndGlobalSection
	GlobalSection(SolutionProperties) = preSolution
		HideSolutionNode = FALSE
	EndGlobalSection
EndGlobal
