
Microsoft Visual Studio Solution File, Format Version 12.00
# Visual Studio 2013
VisualStudioVersion = 12.0.31101.0
MinimumVisualStudioVersion = 10.0.40219.1
Project("{2150E333-8FDC-42A3-9474-1A3956D46DE8}") = "Libraries", "Libraries", "{B0C8A73E-62A4-4B5C-9A30-90CF2F84E229}"
EndProject
Project("{2150E333-8FDC-42A3-9474-1A3956D46DE8}") = "Web Sites", "Web Sites", "{D0D38D77-95DF-46D7-A2EB-EC01703A1896}"
EndProject
Project("{2150E333-8FDC-42A3-9474-1A3956D46DE8}") = "Installations", "Installations", "{623EA628-EB14-487D-B06A-05DF0E02D731}"
EndProject
Project("{2150E333-8FDC-42A3-9474-1A3956D46DE8}") = "WinService", "WinService", "{1FD72CFE-422B-46C4-827A-3575F5F90C6B}"
EndProject
Project("{FAE04EC0-301F-11D3-BF4B-00C04F79EFBC}") = "PortalLib", "Libraries\PortalLibraries\PortalLib\PortalLib.csproj", "{76CE8331-C4F3-4659-AFDE-639724651E24}"
EndProject
Project("{FAE04EC0-301F-11D3-BF4B-00C04F79EFBC}") = "PortalService", "PortalWinService\PortalService\PortalService.csproj", "{063D8805-81E2-4CF4-87C5-E067018B72B8}"
EndProject
Project("{54435603-DBB4-11D2-8724-00A0C9A8B90C}") = "PortalServiceSetup", "PortalWinService\PortalServiceSetup\PortalServiceSetup.vdproj", "{D8C606E0-0109-4B7E-AD93-1F669EC93889}"
EndProject
Project("{FAE04EC0-301F-11D3-BF4B-00C04F79EFBC}") = "CoreLib", "Libraries\PortalLibraries\CoreLib\CoreLib.csproj", "{D67CA512-A6D2-4C1D-831F-7BEA33E275FF}"
EndProject
Project("{FAE04EC0-301F-11D3-BF4B-00C04F79EFBC}") = "AspNetForums", "ForumEngine\AspNetForums.csproj", "{E663538D-8A0A-4CE8-8232-2576D4DC2B0D}"
EndProject
Project("{FAE04EC0-301F-11D3-BF4B-00C04F79EFBC}") = "Controls", "Libraries\PortalLibraries\Controls\Controls\Controls.csproj", "{F803BFC0-64A3-43BB-90A9-B930C796B16C}"
EndProject
Project("{FAE04EC0-301F-11D3-BF4B-00C04F79EFBC}") = "UIPProcess", "Libraries\PortalLibraries\UIPProcess\UIPProcess.csproj", "{7ACF70C0-0449-4F95-A8C3-0320A363282C}"
EndProject
Project("{FAE04EC0-301F-11D3-BF4B-00C04F79EFBC}") = "DayInfoPresenter", "Libraries\SilverLightControls\DayInfoPresenter\DayInfoPresenter.csproj", "{8DAFB80F-D579-44AE-B07D-E1E89A8E5E34}"
EndProject
Project("{FAE04EC0-301F-11D3-BF4B-00C04F79EFBC}") = "Portal", "Portal\Portal.csproj", "{0664BCDB-281E-4B38-9FAA-001B49452B23}"
EndProject
Project("{2CFEAB61-6A3B-4EB8-B523-560B4BEEF521}") = "Portal.csproj_deploy", "Portal.csproj_deploy\Portal.csproj_deploy.wdproj", "{06D60C6F-BB95-4FCC-BDF4-F149E2061125}"
EndProject
Project("{FAE04EC0-301F-11D3-BF4B-00C04F79EFBC}") = "TestOfImplementersOfRules", "TestOfImplementersOfRules\TestOfImplementersOfRules.csproj", "{49E77D51-6A5B-43FD-9701-01FB74AA78F7}"
EndProject
Project("{FAE04EC0-301F-11D3-BF4B-00C04F79EFBC}") = "TestSendingNotRegisterUsers", "TestSendingNotRegisterUsers\TestSendingNotRegisterUsers.csproj", "{F378C425-9685-4BCC-BEEC-045BFB36B5FA}"
EndProject
Project("{FAE04EC0-301F-11D3-BF4B-00C04F79EFBC}") = "TestConsoleExecutorRules", "TestConsoleExecutorRules\TestConsoleExecutorRules.csproj", "{EA6EC000-B018-499C-8A1A-5DF90EBEF491}"
EndProject
Project("{2150E333-8FDC-42A3-9474-1A3956D46DE8}") = "Solution Items", "Solution Items", "{A9DEE6FB-B7F5-4998-BAE0-D186488760C2}"
	ProjectSection(SolutionItems) = preProject
		Performance1.psess = Performance1.psess
		Performance2.psess = Performance2.psess
	EndProjectSection
EndProject
Global
	GlobalSection(SolutionConfigurationPlatforms) = preSolution
		ASP.NET Web (Debug)|.NET = ASP.NET Web (Debug)|.NET
		ASP.NET Web (Debug)|Any CPU = ASP.NET Web (Debug)|Any CPU
		ASP.NET Web (Debug)|Mixed Platforms = ASP.NET Web (Debug)|Mixed Platforms
		Debug|.NET = Debug|.NET
		Debug|Any CPU = Debug|Any CPU
		Debug|Mixed Platforms = Debug|Mixed Platforms
		Release|.NET = Release|.NET
		Release|Any CPU = Release|Any CPU
		Release|Mixed Platforms = Release|Mixed Platforms
		StarterForum|.NET = StarterForum|.NET
		StarterForum|Any CPU = StarterForum|Any CPU
		StarterForum|Mixed Platforms = StarterForum|Mixed Platforms
		Unit testing|.NET = Unit testing|.NET
		Unit testing|Any CPU = Unit testing|Any CPU
		Unit testing|Mixed Platforms = Unit testing|Mixed Platforms
	EndGlobalSection
	GlobalSection(ProjectConfigurationPlatforms) = postSolution
		{76CE8331-C4F3-4659-AFDE-639724651E24}.ASP.NET Web (Debug)|.NET.ActiveCfg = Debug|Any CPU
		{76CE8331-C4F3-4659-AFDE-639724651E24}.ASP.NET Web (Debug)|Any CPU.ActiveCfg = Debug|Any CPU
		{76CE8331-C4F3-4659-AFDE-639724651E24}.ASP.NET Web (Debug)|Any CPU.Build.0 = Debug|Any CPU
		{76CE8331-C4F3-4659-AFDE-639724651E24}.ASP.NET Web (Debug)|Mixed Platforms.ActiveCfg = Debug|Any CPU
		{76CE8331-C4F3-4659-AFDE-639724651E24}.ASP.NET Web (Debug)|Mixed Platforms.Build.0 = Debug|Any CPU
		{76CE8331-C4F3-4659-AFDE-639724651E24}.Debug|.NET.ActiveCfg = Debug|Any CPU
		{76CE8331-C4F3-4659-AFDE-639724651E24}.Debug|.NET.Build.0 = Debug|Any CPU
		{76CE8331-C4F3-4659-AFDE-639724651E24}.Debug|Any CPU.ActiveCfg = Debug|Any CPU
		{76CE8331-C4F3-4659-AFDE-639724651E24}.Debug|Any CPU.Build.0 = Debug|Any CPU
		{76CE8331-C4F3-4659-AFDE-639724651E24}.Debug|Mixed Platforms.ActiveCfg = Debug|Any CPU
		{76CE8331-C4F3-4659-AFDE-639724651E24}.Debug|Mixed Platforms.Build.0 = Debug|Any CPU
		{76CE8331-C4F3-4659-AFDE-639724651E24}.Release|.NET.ActiveCfg = Release|Any CPU
		{76CE8331-C4F3-4659-AFDE-639724651E24}.Release|Any CPU.ActiveCfg = Release|Any CPU
		{76CE8331-C4F3-4659-AFDE-639724651E24}.Release|Any CPU.Build.0 = Release|Any CPU
		{76CE8331-C4F3-4659-AFDE-639724651E24}.Release|Mixed Platforms.ActiveCfg = Release|Any CPU
		{76CE8331-C4F3-4659-AFDE-639724651E24}.Release|Mixed Platforms.Build.0 = Release|Any CPU
		{76CE8331-C4F3-4659-AFDE-639724651E24}.StarterForum|.NET.ActiveCfg = Unit testing|Any CPU
		{76CE8331-C4F3-4659-AFDE-639724651E24}.StarterForum|Any CPU.ActiveCfg = Unit testing|Any CPU
		{76CE8331-C4F3-4659-AFDE-639724651E24}.StarterForum|Any CPU.Build.0 = Unit testing|Any CPU
		{76CE8331-C4F3-4659-AFDE-639724651E24}.StarterForum|Mixed Platforms.ActiveCfg = Unit testing|Any CPU
		{76CE8331-C4F3-4659-AFDE-639724651E24}.StarterForum|Mixed Platforms.Build.0 = Unit testing|Any CPU
		{76CE8331-C4F3-4659-AFDE-639724651E24}.Unit testing|.NET.ActiveCfg = Unit testing|Any CPU
		{76CE8331-C4F3-4659-AFDE-639724651E24}.Unit testing|Any CPU.ActiveCfg = Unit testing|Any CPU
		{76CE8331-C4F3-4659-AFDE-639724651E24}.Unit testing|Any CPU.Build.0 = Unit testing|Any CPU
		{76CE8331-C4F3-4659-AFDE-639724651E24}.Unit testing|Mixed Platforms.ActiveCfg = Unit testing|Any CPU
		{76CE8331-C4F3-4659-AFDE-639724651E24}.Unit testing|Mixed Platforms.Build.0 = Unit testing|Any CPU
		{063D8805-81E2-4CF4-87C5-E067018B72B8}.ASP.NET Web (Debug)|.NET.ActiveCfg = Debug|Any CPU
		{063D8805-81E2-4CF4-87C5-E067018B72B8}.ASP.NET Web (Debug)|Any CPU.ActiveCfg = Debug|Any CPU
		{063D8805-81E2-4CF4-87C5-E067018B72B8}.ASP.NET Web (Debug)|Any CPU.Build.0 = Debug|Any CPU
		{063D8805-81E2-4CF4-87C5-E067018B72B8}.ASP.NET Web (Debug)|Mixed Platforms.ActiveCfg = Debug|Any CPU
		{063D8805-81E2-4CF4-87C5-E067018B72B8}.ASP.NET Web (Debug)|Mixed Platforms.Build.0 = Debug|Any CPU
		{063D8805-81E2-4CF4-87C5-E067018B72B8}.Debug|.NET.ActiveCfg = Debug|Any CPU
		{063D8805-81E2-4CF4-87C5-E067018B72B8}.Debug|.NET.Build.0 = Debug|Any CPU
		{063D8805-81E2-4CF4-87C5-E067018B72B8}.Debug|Any CPU.ActiveCfg = Debug|Any CPU
		{063D8805-81E2-4CF4-87C5-E067018B72B8}.Debug|Any CPU.Build.0 = Debug|Any CPU
		{063D8805-81E2-4CF4-87C5-E067018B72B8}.Debug|Mixed Platforms.ActiveCfg = Debug|Any CPU
		{063D8805-81E2-4CF4-87C5-E067018B72B8}.Debug|Mixed Platforms.Build.0 = Debug|Any CPU
		{063D8805-81E2-4CF4-87C5-E067018B72B8}.Release|.NET.ActiveCfg = Release|Any CPU
		{063D8805-81E2-4CF4-87C5-E067018B72B8}.Release|Any CPU.ActiveCfg = Release|Any CPU
		{063D8805-81E2-4CF4-87C5-E067018B72B8}.Release|Any CPU.Build.0 = Release|Any CPU
		{063D8805-81E2-4CF4-87C5-E067018B72B8}.Release|Mixed Platforms.ActiveCfg = Release|Any CPU
		{063D8805-81E2-4CF4-87C5-E067018B72B8}.Release|Mixed Platforms.Build.0 = Release|Any CPU
		{063D8805-81E2-4CF4-87C5-E067018B72B8}.StarterForum|.NET.ActiveCfg = Unit testing|Any CPU
		{063D8805-81E2-4CF4-87C5-E067018B72B8}.StarterForum|Any CPU.ActiveCfg = Unit testing|Any CPU
		{063D8805-81E2-4CF4-87C5-E067018B72B8}.StarterForum|Any CPU.Build.0 = Unit testing|Any CPU
		{063D8805-81E2-4CF4-87C5-E067018B72B8}.StarterForum|Mixed Platforms.ActiveCfg = Unit testing|Any CPU
		{063D8805-81E2-4CF4-87C5-E067018B72B8}.StarterForum|Mixed Platforms.Build.0 = Unit testing|Any CPU
		{063D8805-81E2-4CF4-87C5-E067018B72B8}.Unit testing|.NET.ActiveCfg = Unit testing|Any CPU
		{063D8805-81E2-4CF4-87C5-E067018B72B8}.Unit testing|Any CPU.ActiveCfg = Unit testing|Any CPU
		{063D8805-81E2-4CF4-87C5-E067018B72B8}.Unit testing|Any CPU.Build.0 = Unit testing|Any CPU
		{063D8805-81E2-4CF4-87C5-E067018B72B8}.Unit testing|Mixed Platforms.ActiveCfg = Unit testing|Any CPU
		{063D8805-81E2-4CF4-87C5-E067018B72B8}.Unit testing|Mixed Platforms.Build.0 = Unit testing|Any CPU
		{D8C606E0-0109-4B7E-AD93-1F669EC93889}.ASP.NET Web (Debug)|.NET.ActiveCfg = Debug
		{D8C606E0-0109-4B7E-AD93-1F669EC93889}.ASP.NET Web (Debug)|.NET.Build.0 = Debug
		{D8C606E0-0109-4B7E-AD93-1F669EC93889}.ASP.NET Web (Debug)|Any CPU.ActiveCfg = Debug
		{D8C606E0-0109-4B7E-AD93-1F669EC93889}.ASP.NET Web (Debug)|Any CPU.Build.0 = Debug
		{D8C606E0-0109-4B7E-AD93-1F669EC93889}.ASP.NET Web (Debug)|Mixed Platforms.ActiveCfg = Debug
		{D8C606E0-0109-4B7E-AD93-1F669EC93889}.ASP.NET Web (Debug)|Mixed Platforms.Build.0 = Debug
		{D8C606E0-0109-4B7E-AD93-1F669EC93889}.Debug|.NET.ActiveCfg = Debug
		{D8C606E0-0109-4B7E-AD93-1F669EC93889}.Debug|Any CPU.ActiveCfg = Debug
		{D8C606E0-0109-4B7E-AD93-1F669EC93889}.Debug|Mixed Platforms.ActiveCfg = Debug
		{D8C606E0-0109-4B7E-AD93-1F669EC93889}.Release|.NET.ActiveCfg = Release
		{D8C606E0-0109-4B7E-AD93-1F669EC93889}.Release|Any CPU.ActiveCfg = Release
		{D8C606E0-0109-4B7E-AD93-1F669EC93889}.Release|Mixed Platforms.ActiveCfg = Release
		{D8C606E0-0109-4B7E-AD93-1F669EC93889}.StarterForum|.NET.ActiveCfg = Unit testing
		{D8C606E0-0109-4B7E-AD93-1F669EC93889}.StarterForum|.NET.Build.0 = Unit testing
		{D8C606E0-0109-4B7E-AD93-1F669EC93889}.StarterForum|Any CPU.ActiveCfg = Unit testing
		{D8C606E0-0109-4B7E-AD93-1F669EC93889}.StarterForum|Any CPU.Build.0 = Unit testing
		{D8C606E0-0109-4B7E-AD93-1F669EC93889}.StarterForum|Mixed Platforms.ActiveCfg = Unit testing
		{D8C606E0-0109-4B7E-AD93-1F669EC93889}.StarterForum|Mixed Platforms.Build.0 = Unit testing
		{D8C606E0-0109-4B7E-AD93-1F669EC93889}.Unit testing|.NET.ActiveCfg = Unit testing
		{D8C606E0-0109-4B7E-AD93-1F669EC93889}.Unit testing|.NET.Build.0 = Unit testing
		{D8C606E0-0109-4B7E-AD93-1F669EC93889}.Unit testing|Any CPU.ActiveCfg = Unit testing
		{D8C606E0-0109-4B7E-AD93-1F669EC93889}.Unit testing|Any CPU.Build.0 = Unit testing
		{D8C606E0-0109-4B7E-AD93-1F669EC93889}.Unit testing|Mixed Platforms.ActiveCfg = Unit testing
		{D8C606E0-0109-4B7E-AD93-1F669EC93889}.Unit testing|Mixed Platforms.Build.0 = Unit testing
		{D67CA512-A6D2-4C1D-831F-7BEA33E275FF}.ASP.NET Web (Debug)|.NET.ActiveCfg = Debug|Any CPU
		{D67CA512-A6D2-4C1D-831F-7BEA33E275FF}.ASP.NET Web (Debug)|Any CPU.ActiveCfg = Debug|Any CPU
		{D67CA512-A6D2-4C1D-831F-7BEA33E275FF}.ASP.NET Web (Debug)|Any CPU.Build.0 = Debug|Any CPU
		{D67CA512-A6D2-4C1D-831F-7BEA33E275FF}.ASP.NET Web (Debug)|Mixed Platforms.ActiveCfg = Debug|Any CPU
		{D67CA512-A6D2-4C1D-831F-7BEA33E275FF}.ASP.NET Web (Debug)|Mixed Platforms.Build.0 = Debug|Any CPU
		{D67CA512-A6D2-4C1D-831F-7BEA33E275FF}.Debug|.NET.ActiveCfg = Debug|Any CPU
		{D67CA512-A6D2-4C1D-831F-7BEA33E275FF}.Debug|.NET.Build.0 = Debug|Any CPU
		{D67CA512-A6D2-4C1D-831F-7BEA33E275FF}.Debug|Any CPU.ActiveCfg = Debug|Any CPU
		{D67CA512-A6D2-4C1D-831F-7BEA33E275FF}.Debug|Any CPU.Build.0 = Debug|Any CPU
		{D67CA512-A6D2-4C1D-831F-7BEA33E275FF}.Debug|Mixed Platforms.ActiveCfg = Debug|Any CPU
		{D67CA512-A6D2-4C1D-831F-7BEA33E275FF}.Debug|Mixed Platforms.Build.0 = Debug|Any CPU
		{D67CA512-A6D2-4C1D-831F-7BEA33E275FF}.Release|.NET.ActiveCfg = Release|Any CPU
		{D67CA512-A6D2-4C1D-831F-7BEA33E275FF}.Release|Any CPU.ActiveCfg = Release|Any CPU
		{D67CA512-A6D2-4C1D-831F-7BEA33E275FF}.Release|Any CPU.Build.0 = Release|Any CPU
		{D67CA512-A6D2-4C1D-831F-7BEA33E275FF}.Release|Mixed Platforms.ActiveCfg = Release|Any CPU
		{D67CA512-A6D2-4C1D-831F-7BEA33E275FF}.Release|Mixed Platforms.Build.0 = Release|Any CPU
		{D67CA512-A6D2-4C1D-831F-7BEA33E275FF}.StarterForum|.NET.ActiveCfg = Unit testing|Any CPU
		{D67CA512-A6D2-4C1D-831F-7BEA33E275FF}.StarterForum|Any CPU.ActiveCfg = Unit testing|Any CPU
		{D67CA512-A6D2-4C1D-831F-7BEA33E275FF}.StarterForum|Any CPU.Build.0 = Unit testing|Any CPU
		{D67CA512-A6D2-4C1D-831F-7BEA33E275FF}.StarterForum|Mixed Platforms.ActiveCfg = Unit testing|Any CPU
		{D67CA512-A6D2-4C1D-831F-7BEA33E275FF}.StarterForum|Mixed Platforms.Build.0 = Unit testing|Any CPU
		{D67CA512-A6D2-4C1D-831F-7BEA33E275FF}.Unit testing|.NET.ActiveCfg = Unit testing|Any CPU
		{D67CA512-A6D2-4C1D-831F-7BEA33E275FF}.Unit testing|Any CPU.ActiveCfg = Unit testing|Any CPU
		{D67CA512-A6D2-4C1D-831F-7BEA33E275FF}.Unit testing|Any CPU.Build.0 = Unit testing|Any CPU
		{D67CA512-A6D2-4C1D-831F-7BEA33E275FF}.Unit testing|Mixed Platforms.ActiveCfg = Unit testing|Any CPU
		{D67CA512-A6D2-4C1D-831F-7BEA33E275FF}.Unit testing|Mixed Platforms.Build.0 = Unit testing|Any CPU
		{E663538D-8A0A-4CE8-8232-2576D4DC2B0D}.ASP.NET Web (Debug)|.NET.ActiveCfg = ASP.NET Web (Debug)|Any CPU
		{E663538D-8A0A-4CE8-8232-2576D4DC2B0D}.ASP.NET Web (Debug)|Any CPU.ActiveCfg = ASP.NET Web (Debug)|Any CPU
		{E663538D-8A0A-4CE8-8232-2576D4DC2B0D}.ASP.NET Web (Debug)|Any CPU.Build.0 = ASP.NET Web (Debug)|Any CPU
		{E663538D-8A0A-4CE8-8232-2576D4DC2B0D}.ASP.NET Web (Debug)|Mixed Platforms.ActiveCfg = ASP.NET Web (Debug)|Any CPU
		{E663538D-8A0A-4CE8-8232-2576D4DC2B0D}.ASP.NET Web (Debug)|Mixed Platforms.Build.0 = ASP.NET Web (Debug)|Any CPU
		{E663538D-8A0A-4CE8-8232-2576D4DC2B0D}.Debug|.NET.ActiveCfg = Debug|Any CPU
		{E663538D-8A0A-4CE8-8232-2576D4DC2B0D}.Debug|.NET.Build.0 = Debug|Any CPU
		{E663538D-8A0A-4CE8-8232-2576D4DC2B0D}.Debug|Any CPU.ActiveCfg = Debug|Any CPU
		{E663538D-8A0A-4CE8-8232-2576D4DC2B0D}.Debug|Any CPU.Build.0 = Debug|Any CPU
		{E663538D-8A0A-4CE8-8232-2576D4DC2B0D}.Debug|Mixed Platforms.ActiveCfg = Debug|Any CPU
		{E663538D-8A0A-4CE8-8232-2576D4DC2B0D}.Debug|Mixed Platforms.Build.0 = Debug|Any CPU
		{E663538D-8A0A-4CE8-8232-2576D4DC2B0D}.Release|.NET.ActiveCfg = Release|Any CPU
		{E663538D-8A0A-4CE8-8232-2576D4DC2B0D}.Release|Any CPU.ActiveCfg = Release|Any CPU
		{E663538D-8A0A-4CE8-8232-2576D4DC2B0D}.Release|Any CPU.Build.0 = Release|Any CPU
		{E663538D-8A0A-4CE8-8232-2576D4DC2B0D}.Release|Mixed Platforms.ActiveCfg = Release|Any CPU
		{E663538D-8A0A-4CE8-8232-2576D4DC2B0D}.Release|Mixed Platforms.Build.0 = Release|Any CPU
		{E663538D-8A0A-4CE8-8232-2576D4DC2B0D}.StarterForum|.NET.ActiveCfg = StarterForum|Any CPU
		{E663538D-8A0A-4CE8-8232-2576D4DC2B0D}.StarterForum|Any CPU.ActiveCfg = StarterForum|Any CPU
		{E663538D-8A0A-4CE8-8232-2576D4DC2B0D}.StarterForum|Any CPU.Build.0 = StarterForum|Any CPU
		{E663538D-8A0A-4CE8-8232-2576D4DC2B0D}.StarterForum|Mixed Platforms.ActiveCfg = StarterForum|Any CPU
		{E663538D-8A0A-4CE8-8232-2576D4DC2B0D}.StarterForum|Mixed Platforms.Build.0 = StarterForum|Any CPU
		{E663538D-8A0A-4CE8-8232-2576D4DC2B0D}.Unit testing|.NET.ActiveCfg = ASP.NET Web (Debug)|Any CPU
		{E663538D-8A0A-4CE8-8232-2576D4DC2B0D}.Unit testing|Any CPU.ActiveCfg = ASP.NET Web (Debug)|Any CPU
		{E663538D-8A0A-4CE8-8232-2576D4DC2B0D}.Unit testing|Any CPU.Build.0 = ASP.NET Web (Debug)|Any CPU
		{E663538D-8A0A-4CE8-8232-2576D4DC2B0D}.Unit testing|Mixed Platforms.ActiveCfg = ASP.NET Web (Debug)|Any CPU
		{E663538D-8A0A-4CE8-8232-2576D4DC2B0D}.Unit testing|Mixed Platforms.Build.0 = ASP.NET Web (Debug)|Any CPU
		{F803BFC0-64A3-43BB-90A9-B930C796B16C}.ASP.NET Web (Debug)|.NET.ActiveCfg = Debug|Any CPU
		{F803BFC0-64A3-43BB-90A9-B930C796B16C}.ASP.NET Web (Debug)|Any CPU.ActiveCfg = Debug|Any CPU
		{F803BFC0-64A3-43BB-90A9-B930C796B16C}.ASP.NET Web (Debug)|Any CPU.Build.0 = Debug|Any CPU
		{F803BFC0-64A3-43BB-90A9-B930C796B16C}.ASP.NET Web (Debug)|Mixed Platforms.ActiveCfg = Debug|Any CPU
		{F803BFC0-64A3-43BB-90A9-B930C796B16C}.ASP.NET Web (Debug)|Mixed Platforms.Build.0 = Debug|Any CPU
		{F803BFC0-64A3-43BB-90A9-B930C796B16C}.Debug|.NET.ActiveCfg = Debug|Any CPU
		{F803BFC0-64A3-43BB-90A9-B930C796B16C}.Debug|Any CPU.ActiveCfg = Debug|Any CPU
		{F803BFC0-64A3-43BB-90A9-B930C796B16C}.Debug|Any CPU.Build.0 = Debug|Any CPU
		{F803BFC0-64A3-43BB-90A9-B930C796B16C}.Debug|Mixed Platforms.ActiveCfg = Debug|Any CPU
		{F803BFC0-64A3-43BB-90A9-B930C796B16C}.Debug|Mixed Platforms.Build.0 = Debug|Any CPU
		{F803BFC0-64A3-43BB-90A9-B930C796B16C}.Release|.NET.ActiveCfg = Release|Any CPU
		{F803BFC0-64A3-43BB-90A9-B930C796B16C}.Release|Any CPU.ActiveCfg = Release|Any CPU
		{F803BFC0-64A3-43BB-90A9-B930C796B16C}.Release|Any CPU.Build.0 = Release|Any CPU
		{F803BFC0-64A3-43BB-90A9-B930C796B16C}.Release|Mixed Platforms.ActiveCfg = Release|Any CPU
		{F803BFC0-64A3-43BB-90A9-B930C796B16C}.Release|Mixed Platforms.Build.0 = Release|Any CPU
		{F803BFC0-64A3-43BB-90A9-B930C796B16C}.StarterForum|.NET.ActiveCfg = Release|Any CPU
		{F803BFC0-64A3-43BB-90A9-B930C796B16C}.StarterForum|Any CPU.ActiveCfg = Release|Any CPU
		{F803BFC0-64A3-43BB-90A9-B930C796B16C}.StarterForum|Any CPU.Build.0 = Release|Any CPU
		{F803BFC0-64A3-43BB-90A9-B930C796B16C}.StarterForum|Mixed Platforms.ActiveCfg = Release|Any CPU
		{F803BFC0-64A3-43BB-90A9-B930C796B16C}.StarterForum|Mixed Platforms.Build.0 = Release|Any CPU
		{F803BFC0-64A3-43BB-90A9-B930C796B16C}.Unit testing|.NET.ActiveCfg = Release|Any CPU
		{F803BFC0-64A3-43BB-90A9-B930C796B16C}.Unit testing|Any CPU.ActiveCfg = Release|Any CPU
		{F803BFC0-64A3-43BB-90A9-B930C796B16C}.Unit testing|Any CPU.Build.0 = Release|Any CPU
		{F803BFC0-64A3-43BB-90A9-B930C796B16C}.Unit testing|Mixed Platforms.ActiveCfg = Release|Any CPU
		{F803BFC0-64A3-43BB-90A9-B930C796B16C}.Unit testing|Mixed Platforms.Build.0 = Release|Any CPU
		{7ACF70C0-0449-4F95-A8C3-0320A363282C}.ASP.NET Web (Debug)|.NET.ActiveCfg = Debug|Any CPU
		{7ACF70C0-0449-4F95-A8C3-0320A363282C}.ASP.NET Web (Debug)|Any CPU.ActiveCfg = Debug|Any CPU
		{7ACF70C0-0449-4F95-A8C3-0320A363282C}.ASP.NET Web (Debug)|Any CPU.Build.0 = Debug|Any CPU
		{7ACF70C0-0449-4F95-A8C3-0320A363282C}.ASP.NET Web (Debug)|Mixed Platforms.ActiveCfg = Debug|Any CPU
		{7ACF70C0-0449-4F95-A8C3-0320A363282C}.ASP.NET Web (Debug)|Mixed Platforms.Build.0 = Debug|Any CPU
		{7ACF70C0-0449-4F95-A8C3-0320A363282C}.Debug|.NET.ActiveCfg = Debug|Any CPU
		{7ACF70C0-0449-4F95-A8C3-0320A363282C}.Debug|Any CPU.ActiveCfg = Debug|Any CPU
		{7ACF70C0-0449-4F95-A8C3-0320A363282C}.Debug|Any CPU.Build.0 = Debug|Any CPU
		{7ACF70C0-0449-4F95-A8C3-0320A363282C}.Debug|Mixed Platforms.ActiveCfg = Debug|Any CPU
		{7ACF70C0-0449-4F95-A8C3-0320A363282C}.Debug|Mixed Platforms.Build.0 = Debug|Any CPU
		{7ACF70C0-0449-4F95-A8C3-0320A363282C}.Release|.NET.ActiveCfg = Release|Any CPU
		{7ACF70C0-0449-4F95-A8C3-0320A363282C}.Release|Any CPU.ActiveCfg = Release|Any CPU
		{7ACF70C0-0449-4F95-A8C3-0320A363282C}.Release|Any CPU.Build.0 = Release|Any CPU
		{7ACF70C0-0449-4F95-A8C3-0320A363282C}.Release|Mixed Platforms.ActiveCfg = Release|Any CPU
		{7ACF70C0-0449-4F95-A8C3-0320A363282C}.Release|Mixed Platforms.Build.0 = Release|Any CPU
		{7ACF70C0-0449-4F95-A8C3-0320A363282C}.StarterForum|.NET.ActiveCfg = Release|Any CPU
		{7ACF70C0-0449-4F95-A8C3-0320A363282C}.StarterForum|Any CPU.ActiveCfg = Release|Any CPU
		{7ACF70C0-0449-4F95-A8C3-0320A363282C}.StarterForum|Any CPU.Build.0 = Release|Any CPU
		{7ACF70C0-0449-4F95-A8C3-0320A363282C}.StarterForum|Mixed Platforms.ActiveCfg = Release|Any CPU
		{7ACF70C0-0449-4F95-A8C3-0320A363282C}.StarterForum|Mixed Platforms.Build.0 = Release|Any CPU
		{7ACF70C0-0449-4F95-A8C3-0320A363282C}.Unit testing|.NET.ActiveCfg = Release|Any CPU
		{7ACF70C0-0449-4F95-A8C3-0320A363282C}.Unit testing|Any CPU.ActiveCfg = Release|Any CPU
		{7ACF70C0-0449-4F95-A8C3-0320A363282C}.Unit testing|Any CPU.Build.0 = Release|Any CPU
		{7ACF70C0-0449-4F95-A8C3-0320A363282C}.Unit testing|Mixed Platforms.ActiveCfg = Release|Any CPU
		{7ACF70C0-0449-4F95-A8C3-0320A363282C}.Unit testing|Mixed Platforms.Build.0 = Release|Any CPU
		{0664BCDB-281E-4B38-9FAA-001B49452B23}.ASP.NET Web (Debug)|.NET.ActiveCfg = Debug|Any CPU
		{0664BCDB-281E-4B38-9FAA-001B49452B23}.ASP.NET Web (Debug)|Any CPU.ActiveCfg = Debug|Any CPU
		{0664BCDB-281E-4B38-9FAA-001B49452B23}.ASP.NET Web (Debug)|Any CPU.Build.0 = Debug|Any CPU
		{0664BCDB-281E-4B38-9FAA-001B49452B23}.ASP.NET Web (Debug)|Mixed Platforms.ActiveCfg = Debug|Any CPU
		{0664BCDB-281E-4B38-9FAA-001B49452B23}.ASP.NET Web (Debug)|Mixed Platforms.Build.0 = Debug|Any CPU
		{0664BCDB-281E-4B38-9FAA-001B49452B23}.Debug|.NET.ActiveCfg = Debug|Any CPU
		{0664BCDB-281E-4B38-9FAA-001B49452B23}.Debug|Any CPU.ActiveCfg = Debug|Any CPU
		{0664BCDB-281E-4B38-9FAA-001B49452B23}.Debug|Any CPU.Build.0 = Debug|Any CPU
		{0664BCDB-281E-4B38-9FAA-001B49452B23}.Debug|Mixed Platforms.ActiveCfg = Debug|Any CPU
		{0664BCDB-281E-4B38-9FAA-001B49452B23}.Debug|Mixed Platforms.Build.0 = Debug|Any CPU
		{0664BCDB-281E-4B38-9FAA-001B49452B23}.Release|.NET.ActiveCfg = Release|Any CPU
		{0664BCDB-281E-4B38-9FAA-001B49452B23}.Release|Any CPU.ActiveCfg = Release|Any CPU
		{0664BCDB-281E-4B38-9FAA-001B49452B23}.Release|Any CPU.Build.0 = Release|Any CPU
		{0664BCDB-281E-4B38-9FAA-001B49452B23}.Release|Mixed Platforms.ActiveCfg = Release|Any CPU
		{0664BCDB-281E-4B38-9FAA-001B49452B23}.Release|Mixed Platforms.Build.0 = Release|Any CPU
		{0664BCDB-281E-4B38-9FAA-001B49452B23}.StarterForum|.NET.ActiveCfg = Release|Any CPU
		{0664BCDB-281E-4B38-9FAA-001B49452B23}.StarterForum|Any CPU.ActiveCfg = Release|Any CPU
		{0664BCDB-281E-4B38-9FAA-001B49452B23}.StarterForum|Any CPU.Build.0 = Release|Any CPU
		{0664BCDB-281E-4B38-9FAA-001B49452B23}.StarterForum|Mixed Platforms.ActiveCfg = Release|Any CPU
		{0664BCDB-281E-4B38-9FAA-001B49452B23}.StarterForum|Mixed Platforms.Build.0 = Release|Any CPU
		{0664BCDB-281E-4B38-9FAA-001B49452B23}.Unit testing|.NET.ActiveCfg = Release|Any CPU
		{0664BCDB-281E-4B38-9FAA-001B49452B23}.Unit testing|Any CPU.ActiveCfg = Release|Any CPU
		{0664BCDB-281E-4B38-9FAA-001B49452B23}.Unit testing|Any CPU.Build.0 = Release|Any CPU
		{0664BCDB-281E-4B38-9FAA-001B49452B23}.Unit testing|Mixed Platforms.ActiveCfg = Release|Any CPU
		{0664BCDB-281E-4B38-9FAA-001B49452B23}.Unit testing|Mixed Platforms.Build.0 = Release|Any CPU
		{06D60C6F-BB95-4FCC-BDF4-F149E2061125}.ASP.NET Web (Debug)|.NET.ActiveCfg = Debug|Any CPU
		{06D60C6F-BB95-4FCC-BDF4-F149E2061125}.ASP.NET Web (Debug)|Any CPU.ActiveCfg = Debug|Any CPU
		{06D60C6F-BB95-4FCC-BDF4-F149E2061125}.ASP.NET Web (Debug)|Any CPU.Build.0 = Debug|Any CPU
		{06D60C6F-BB95-4FCC-BDF4-F149E2061125}.ASP.NET Web (Debug)|Mixed Platforms.ActiveCfg = Debug|Any CPU
		{06D60C6F-BB95-4FCC-BDF4-F149E2061125}.ASP.NET Web (Debug)|Mixed Platforms.Build.0 = Debug|Any CPU
		{06D60C6F-BB95-4FCC-BDF4-F149E2061125}.Debug|.NET.ActiveCfg = Debug|Any CPU
		{06D60C6F-BB95-4FCC-BDF4-F149E2061125}.Debug|Any CPU.ActiveCfg = Debug|Any CPU
		{06D60C6F-BB95-4FCC-BDF4-F149E2061125}.Debug|Any CPU.Build.0 = Debug|Any CPU
		{06D60C6F-BB95-4FCC-BDF4-F149E2061125}.Debug|Mixed Platforms.ActiveCfg = Debug|Any CPU
		{06D60C6F-BB95-4FCC-BDF4-F149E2061125}.Debug|Mixed Platforms.Build.0 = Debug|Any CPU
		{06D60C6F-BB95-4FCC-BDF4-F149E2061125}.Release|.NET.ActiveCfg = Release|Any CPU
		{06D60C6F-BB95-4FCC-BDF4-F149E2061125}.Release|Any CPU.ActiveCfg = Release|Any CPU
		{06D60C6F-BB95-4FCC-BDF4-F149E2061125}.Release|Any CPU.Build.0 = Release|Any CPU
		{06D60C6F-BB95-4FCC-BDF4-F149E2061125}.Release|Mixed Platforms.ActiveCfg = Release|Any CPU
		{06D60C6F-BB95-4FCC-BDF4-F149E2061125}.Release|Mixed Platforms.Build.0 = Release|Any CPU
		{06D60C6F-BB95-4FCC-BDF4-F149E2061125}.StarterForum|.NET.ActiveCfg = Release|Any CPU
		{06D60C6F-BB95-4FCC-BDF4-F149E2061125}.StarterForum|Any CPU.ActiveCfg = Release|Any CPU
		{06D60C6F-BB95-4FCC-BDF4-F149E2061125}.StarterForum|Any CPU.Build.0 = Release|Any CPU
		{06D60C6F-BB95-4FCC-BDF4-F149E2061125}.StarterForum|Mixed Platforms.ActiveCfg = Release|Any CPU
		{06D60C6F-BB95-4FCC-BDF4-F149E2061125}.StarterForum|Mixed Platforms.Build.0 = Release|Any CPU
		{06D60C6F-BB95-4FCC-BDF4-F149E2061125}.Unit testing|.NET.ActiveCfg = Release|Any CPU
		{06D60C6F-BB95-4FCC-BDF4-F149E2061125}.Unit testing|Any CPU.ActiveCfg = Release|Any CPU
		{06D60C6F-BB95-4FCC-BDF4-F149E2061125}.Unit testing|Any CPU.Build.0 = Release|Any CPU
		{06D60C6F-BB95-4FCC-BDF4-F149E2061125}.Unit testing|Mixed Platforms.ActiveCfg = Release|Any CPU
		{06D60C6F-BB95-4FCC-BDF4-F149E2061125}.Unit testing|Mixed Platforms.Build.0 = Release|Any CPU
		{49E77D51-6A5B-43FD-9701-01FB74AA78F7}.ASP.NET Web (Debug)|.NET.ActiveCfg = Debug|Any CPU
		{49E77D51-6A5B-43FD-9701-01FB74AA78F7}.ASP.NET Web (Debug)|Any CPU.ActiveCfg = Debug|Any CPU
		{49E77D51-6A5B-43FD-9701-01FB74AA78F7}.ASP.NET Web (Debug)|Any CPU.Build.0 = Debug|Any CPU
		{49E77D51-6A5B-43FD-9701-01FB74AA78F7}.ASP.NET Web (Debug)|Mixed Platforms.ActiveCfg = Debug|Any CPU
		{49E77D51-6A5B-43FD-9701-01FB74AA78F7}.ASP.NET Web (Debug)|Mixed Platforms.Build.0 = Debug|Any CPU
		{49E77D51-6A5B-43FD-9701-01FB74AA78F7}.Debug|.NET.ActiveCfg = Debug|Any CPU
		{49E77D51-6A5B-43FD-9701-01FB74AA78F7}.Debug|Any CPU.ActiveCfg = Debug|Any CPU
		{49E77D51-6A5B-43FD-9701-01FB74AA78F7}.Debug|Any CPU.Build.0 = Debug|Any CPU
		{49E77D51-6A5B-43FD-9701-01FB74AA78F7}.Debug|Mixed Platforms.ActiveCfg = Debug|Any CPU
		{49E77D51-6A5B-43FD-9701-01FB74AA78F7}.Debug|Mixed Platforms.Build.0 = Debug|Any CPU
		{49E77D51-6A5B-43FD-9701-01FB74AA78F7}.Release|.NET.ActiveCfg = Release|Any CPU
		{49E77D51-6A5B-43FD-9701-01FB74AA78F7}.Release|Any CPU.ActiveCfg = Release|Any CPU
		{49E77D51-6A5B-43FD-9701-01FB74AA78F7}.Release|Any CPU.Build.0 = Release|Any CPU
		{49E77D51-6A5B-43FD-9701-01FB74AA78F7}.Release|Mixed Platforms.ActiveCfg = Release|Any CPU
		{49E77D51-6A5B-43FD-9701-01FB74AA78F7}.Release|Mixed Platforms.Build.0 = Release|Any CPU
		{49E77D51-6A5B-43FD-9701-01FB74AA78F7}.StarterForum|.NET.ActiveCfg = Release|Any CPU
		{49E77D51-6A5B-43FD-9701-01FB74AA78F7}.StarterForum|Any CPU.ActiveCfg = Release|Any CPU
		{49E77D51-6A5B-43FD-9701-01FB74AA78F7}.StarterForum|Any CPU.Build.0 = Release|Any CPU
		{49E77D51-6A5B-43FD-9701-01FB74AA78F7}.StarterForum|Mixed Platforms.ActiveCfg = Release|Any CPU
		{49E77D51-6A5B-43FD-9701-01FB74AA78F7}.StarterForum|Mixed Platforms.Build.0 = Release|Any CPU
		{49E77D51-6A5B-43FD-9701-01FB74AA78F7}.Unit testing|.NET.ActiveCfg = Release|Any CPU
		{49E77D51-6A5B-43FD-9701-01FB74AA78F7}.Unit testing|Any CPU.ActiveCfg = Release|Any CPU
		{49E77D51-6A5B-43FD-9701-01FB74AA78F7}.Unit testing|Any CPU.Build.0 = Release|Any CPU
		{49E77D51-6A5B-43FD-9701-01FB74AA78F7}.Unit testing|Mixed Platforms.ActiveCfg = Release|Any CPU
		{49E77D51-6A5B-43FD-9701-01FB74AA78F7}.Unit testing|Mixed Platforms.Build.0 = Release|Any CPU
		{F378C425-9685-4BCC-BEEC-045BFB36B5FA}.ASP.NET Web (Debug)|.NET.ActiveCfg = Debug|Any CPU
		{F378C425-9685-4BCC-BEEC-045BFB36B5FA}.ASP.NET Web (Debug)|Any CPU.ActiveCfg = Debug|Any CPU
		{F378C425-9685-4BCC-BEEC-045BFB36B5FA}.ASP.NET Web (Debug)|Any CPU.Build.0 = Debug|Any CPU
		{F378C425-9685-4BCC-BEEC-045BFB36B5FA}.ASP.NET Web (Debug)|Mixed Platforms.ActiveCfg = Debug|Any CPU
		{F378C425-9685-4BCC-BEEC-045BFB36B5FA}.ASP.NET Web (Debug)|Mixed Platforms.Build.0 = Debug|Any CPU
		{F378C425-9685-4BCC-BEEC-045BFB36B5FA}.Debug|.NET.ActiveCfg = Debug|Any CPU
		{F378C425-9685-4BCC-BEEC-045BFB36B5FA}.Debug|Any CPU.ActiveCfg = Debug|Any CPU
		{F378C425-9685-4BCC-BEEC-045BFB36B5FA}.Debug|Any CPU.Build.0 = Debug|Any CPU
		{F378C425-9685-4BCC-BEEC-045BFB36B5FA}.Debug|Mixed Platforms.ActiveCfg = Debug|Any CPU
		{F378C425-9685-4BCC-BEEC-045BFB36B5FA}.Debug|Mixed Platforms.Build.0 = Debug|Any CPU
		{F378C425-9685-4BCC-BEEC-045BFB36B5FA}.Release|.NET.ActiveCfg = Release|Any CPU
		{F378C425-9685-4BCC-BEEC-045BFB36B5FA}.Release|Any CPU.ActiveCfg = Release|Any CPU
		{F378C425-9685-4BCC-BEEC-045BFB36B5FA}.Release|Any CPU.Build.0 = Release|Any CPU
		{F378C425-9685-4BCC-BEEC-045BFB36B5FA}.Release|Mixed Platforms.ActiveCfg = Release|Any CPU
		{F378C425-9685-4BCC-BEEC-045BFB36B5FA}.Release|Mixed Platforms.Build.0 = Release|Any CPU
		{F378C425-9685-4BCC-BEEC-045BFB36B5FA}.StarterForum|.NET.ActiveCfg = Release|Any CPU
		{F378C425-9685-4BCC-BEEC-045BFB36B5FA}.StarterForum|Any CPU.ActiveCfg = Release|Any CPU
		{F378C425-9685-4BCC-BEEC-045BFB36B5FA}.StarterForum|Any CPU.Build.0 = Release|Any CPU
		{F378C425-9685-4BCC-BEEC-045BFB36B5FA}.StarterForum|Mixed Platforms.ActiveCfg = Release|Any CPU
		{F378C425-9685-4BCC-BEEC-045BFB36B5FA}.StarterForum|Mixed Platforms.Build.0 = Release|Any CPU
		{F378C425-9685-4BCC-BEEC-045BFB36B5FA}.Unit testing|.NET.ActiveCfg = Release|Any CPU
		{F378C425-9685-4BCC-BEEC-045BFB36B5FA}.Unit testing|Any CPU.ActiveCfg = Release|Any CPU
		{F378C425-9685-4BCC-BEEC-045BFB36B5FA}.Unit testing|Any CPU.Build.0 = Release|Any CPU
		{F378C425-9685-4BCC-BEEC-045BFB36B5FA}.Unit testing|Mixed Platforms.ActiveCfg = Release|Any CPU
		{F378C425-9685-4BCC-BEEC-045BFB36B5FA}.Unit testing|Mixed Platforms.Build.0 = Release|Any CPU
		{EA6EC000-B018-499C-8A1A-5DF90EBEF491}.ASP.NET Web (Debug)|.NET.ActiveCfg = Debug|Any CPU
		{EA6EC000-B018-499C-8A1A-5DF90EBEF491}.ASP.NET Web (Debug)|Any CPU.ActiveCfg = Debug|Any CPU
		{EA6EC000-B018-499C-8A1A-5DF90EBEF491}.ASP.NET Web (Debug)|Any CPU.Build.0 = Debug|Any CPU
		{EA6EC000-B018-499C-8A1A-5DF90EBEF491}.ASP.NET Web (Debug)|Mixed Platforms.ActiveCfg = Debug|Any CPU
		{EA6EC000-B018-499C-8A1A-5DF90EBEF491}.ASP.NET Web (Debug)|Mixed Platforms.Build.0 = Debug|Any CPU
		{EA6EC000-B018-499C-8A1A-5DF90EBEF491}.Debug|.NET.ActiveCfg = Debug|Any CPU
		{EA6EC000-B018-499C-8A1A-5DF90EBEF491}.Debug|Any CPU.ActiveCfg = Debug|Any CPU
		{EA6EC000-B018-499C-8A1A-5DF90EBEF491}.Debug|Any CPU.Build.0 = Debug|Any CPU
		{EA6EC000-B018-499C-8A1A-5DF90EBEF491}.Debug|Mixed Platforms.ActiveCfg = Debug|Any CPU
		{EA6EC000-B018-499C-8A1A-5DF90EBEF491}.Debug|Mixed Platforms.Build.0 = Debug|Any CPU
		{EA6EC000-B018-499C-8A1A-5DF90EBEF491}.Release|.NET.ActiveCfg = Release|Any CPU
		{EA6EC000-B018-499C-8A1A-5DF90EBEF491}.Release|Any CPU.ActiveCfg = Release|Any CPU
		{EA6EC000-B018-499C-8A1A-5DF90EBEF491}.Release|Any CPU.Build.0 = Release|Any CPU
		{EA6EC000-B018-499C-8A1A-5DF90EBEF491}.Release|Mixed Platforms.ActiveCfg = Release|Any CPU
		{EA6EC000-B018-499C-8A1A-5DF90EBEF491}.Release|Mixed Platforms.Build.0 = Release|Any CPU
		{EA6EC000-B018-499C-8A1A-5DF90EBEF491}.StarterForum|.NET.ActiveCfg = Release|Any CPU
		{EA6EC000-B018-499C-8A1A-5DF90EBEF491}.StarterForum|Any CPU.ActiveCfg = Release|Any CPU
		{EA6EC000-B018-499C-8A1A-5DF90EBEF491}.StarterForum|Any CPU.Build.0 = Release|Any CPU
		{EA6EC000-B018-499C-8A1A-5DF90EBEF491}.StarterForum|Mixed Platforms.ActiveCfg = Release|Any CPU
		{EA6EC000-B018-499C-8A1A-5DF90EBEF491}.StarterForum|Mixed Platforms.Build.0 = Release|Any CPU
		{EA6EC000-B018-499C-8A1A-5DF90EBEF491}.Unit testing|.NET.ActiveCfg = Release|Any CPU
		{EA6EC000-B018-499C-8A1A-5DF90EBEF491}.Unit testing|Any CPU.ActiveCfg = Release|Any CPU
		{EA6EC000-B018-499C-8A1A-5DF90EBEF491}.Unit testing|Any CPU.Build.0 = Release|Any CPU
		{EA6EC000-B018-499C-8A1A-5DF90EBEF491}.Unit testing|Mixed Platforms.ActiveCfg = Release|Any CPU
		{EA6EC000-B018-499C-8A1A-5DF90EBEF491}.Unit testing|Mixed Platforms.Build.0 = Release|Any CPU
	EndGlobalSection
	GlobalSection(SolutionProperties) = preSolution
		HideSolutionNode = FALSE
	EndGlobalSection
	GlobalSection(NestedProjects) = preSolution
		{76CE8331-C4F3-4659-AFDE-639724651E24} = {B0C8A73E-62A4-4B5C-9A30-90CF2F84E229}
		{063D8805-81E2-4CF4-87C5-E067018B72B8} = {1FD72CFE-422B-46C4-827A-3575F5F90C6B}
		{D8C606E0-0109-4B7E-AD93-1F669EC93889} = {623EA628-EB14-487D-B06A-05DF0E02D731}
		{D67CA512-A6D2-4C1D-831F-7BEA33E275FF} = {B0C8A73E-62A4-4B5C-9A30-90CF2F84E229}
		{E663538D-8A0A-4CE8-8232-2576D4DC2B0D} = {B0C8A73E-62A4-4B5C-9A30-90CF2F84E229}
		{F803BFC0-64A3-43BB-90A9-B930C796B16C} = {B0C8A73E-62A4-4B5C-9A30-90CF2F84E229}
		{7ACF70C0-0449-4F95-A8C3-0320A363282C} = {B0C8A73E-62A4-4B5C-9A30-90CF2F84E229}
		{0664BCDB-281E-4B38-9FAA-001B49452B23} = {D0D38D77-95DF-46D7-A2EB-EC01703A1896}
	EndGlobalSection
EndGlobal
